
Microsoft Visual Studio Solution File, Format Version 12.00
# Visual Studio 15
VisualStudioVersion = 15.0.28307.645
MinimumVisualStudioVersion = 10.0.40219.1
Project("{FAE04EC0-301F-11D3-BF4B-00C04F79EFBC}") = "GitHubCloningProject", "GitHubCloningProject\GitHubCloningProject.csproj", "{4FACAFE4-9B54-4C04-916C-9927F615B9EF}"
EndProject
Global
	GlobalSection(SolutionConfigurationPlatforms) = preSolution
		Debug|Any CPU = Debug|Any CPU
		Release|Any CPU = Release|Any CPU
	EndGlobalSection
	GlobalSection(ProjectConfigurationPlatforms) = postSolution
		{4FACAFE4-9B54-4C04-916C-9927F615B9EF}.Debug|Any CPU.ActiveCfg = Debug|Any CPU
		{4FACAFE4-9B54-4C04-916C-9927F615B9EF}.Debug|Any CPU.Build.0 = Debug|Any CPU
		{4FACAFE4-9B54-4C04-916C-9927F615B9EF}.Release|Any CPU.ActiveCfg = Release|Any CPU
		{4FACAFE4-9B54-4C04-916C-9927F615B9EF}.Release|Any CPU.Build.0 = Release|Any CPU
	EndGlobalSection
	GlobalSection(SolutionProperties) = preSolution
		HideSolutionNode = FALSE
	EndGlobalSection
	GlobalSection(ExtensibilityGlobals) = postSolution
		SolutionGuid = {09A098DF-EFDF-4F05-9F3F-8E99AE82A718}
	EndGlobalSection
EndGlobal
