
Microsoft Visual Studio Solution File, Format Version 12.00
# Visual Studio 15
VisualStudioVersion = 15.0.28307.645
MinimumVisualStudioVersion = 10.0.40219.1
Project("{FAE04EC0-301F-11D3-BF4B-00C04F79EFBC}") = "TestGitHub", "TestGitHub\TestGitHub.csproj", "{3A5C9DB1-870B-4D78-8C7E-6F91D5B3B764}"
EndProject
Global
	GlobalSection(SolutionConfigurationPlatforms) = preSolution
		Debug|Any CPU = Debug|Any CPU
		Release|Any CPU = Release|Any CPU
	EndGlobalSection
	GlobalSection(ProjectConfigurationPlatforms) = postSolution
		{3A5C9DB1-870B-4D78-8C7E-6F91D5B3B764}.Debug|Any CPU.ActiveCfg = Debug|Any CPU
		{3A5C9DB1-870B-4D78-8C7E-6F91D5B3B764}.Debug|Any CPU.Build.0 = Debug|Any CPU
		{3A5C9DB1-870B-4D78-8C7E-6F91D5B3B764}.Release|Any CPU.ActiveCfg = Release|Any CPU
		{3A5C9DB1-870B-4D78-8C7E-6F91D5B3B764}.Release|Any CPU.Build.0 = Release|Any CPU
	EndGlobalSection
	GlobalSection(SolutionProperties) = preSolution
		HideSolutionNode = FALSE
	EndGlobalSection
	GlobalSection(ExtensibilityGlobals) = postSolution
		SolutionGuid = {54C15E26-4952-4B0B-A40F-CA22874DC71F}
	EndGlobalSection
EndGlobal
