
Microsoft Visual Studio Solution File, Format Version 12.00
# Visual Studio 15
VisualStudioVersion = 15.0.28307.572
MinimumVisualStudioVersion = 10.0.40219.1
Project("{FAE04EC0-301F-11D3-BF4B-00C04F79EFBC}") = "Ng5Demo", "Ng5Demo\Ng5Demo.csproj", "{F14F4FB2-D64F-463F-828B-74E5346CCF96}"
EndProject
Global
	GlobalSection(SolutionConfigurationPlatforms) = preSolution
		Debug|Any CPU = Debug|Any CPU
		Release|Any CPU = Release|Any CPU
	EndGlobalSection
	GlobalSection(ProjectConfigurationPlatforms) = postSolution
		{F14F4FB2-D64F-463F-828B-74E5346CCF96}.Debug|Any CPU.ActiveCfg = Debug|Any CPU
		{F14F4FB2-D64F-463F-828B-74E5346CCF96}.Debug|Any CPU.Build.0 = Debug|Any CPU
		{F14F4FB2-D64F-463F-828B-74E5346CCF96}.Release|Any CPU.ActiveCfg = Release|Any CPU
		{F14F4FB2-D64F-463F-828B-74E5346CCF96}.Release|Any CPU.Build.0 = Release|Any CPU
	EndGlobalSection
	GlobalSection(SolutionProperties) = preSolution
		HideSolutionNode = FALSE
	EndGlobalSection
	GlobalSection(ExtensibilityGlobals) = postSolution
		SolutionGuid = {765B9111-9736-43B2-96C4-713A153C4300}
	EndGlobalSection
EndGlobal
