
Microsoft Visual Studio Solution File, Format Version 12.00
# Visual Studio 15
VisualStudioVersion = 15.0.28307.572
MinimumVisualStudioVersion = 10.0.40219.1
Project("{FAE04EC0-301F-11D3-BF4B-00C04F79EFBC}") = "Angular_MVC", "Angular_MVC\Angular_MVC.csproj", "{F19E16E5-A639-4785-AD41-5EB691E6B55A}"
EndProject
Global
	GlobalSection(SolutionConfigurationPlatforms) = preSolution
		Debug|Any CPU = Debug|Any CPU
		Release|Any CPU = Release|Any CPU
	EndGlobalSection
	GlobalSection(ProjectConfigurationPlatforms) = postSolution
		{F19E16E5-A639-4785-AD41-5EB691E6B55A}.Debug|Any CPU.ActiveCfg = Debug|Any CPU
		{F19E16E5-A639-4785-AD41-5EB691E6B55A}.Debug|Any CPU.Build.0 = Debug|Any CPU
		{F19E16E5-A639-4785-AD41-5EB691E6B55A}.Release|Any CPU.ActiveCfg = Release|Any CPU
		{F19E16E5-A639-4785-AD41-5EB691E6B55A}.Release|Any CPU.Build.0 = Release|Any CPU
	EndGlobalSection
	GlobalSection(SolutionProperties) = preSolution
		HideSolutionNode = FALSE
	EndGlobalSection
	GlobalSection(ExtensibilityGlobals) = postSolution
		SolutionGuid = {CEF74E76-9E5C-4356-9D9E-75C5C2667715}
	EndGlobalSection
EndGlobal
